
Microsoft Visual Studio Solution File, Format Version 12.00
# Visual Studio Version 17
VisualStudioVersion = 17.4.33110.190
MinimumVisualStudioVersion = 10.0.40219.1
Project("{FAE04EC0-301F-11D3-BF4B-00C04F79EFBC}") = "Task1", "Practic 1\Task1.csproj", "{0C646585-53DF-438C-A8E5-C626EC0933DC}"
EndProject
Project("{FAE04EC0-301F-11D3-BF4B-00C04F79EFBC}") = "Task2", "Task2\Task2.csproj", "{1234CBFE-A95E-4459-95D8-822B32CAC713}"
EndProject
Global
	GlobalSection(SolutionConfigurationPlatforms) = preSolution
		Debug|Any CPU = Debug|Any CPU
		Release|Any CPU = Release|Any CPU
	EndGlobalSection
	GlobalSection(ProjectConfigurationPlatforms) = postSolution
		{0C646585-53DF-438C-A8E5-C626EC0933DC}.Debug|Any CPU.ActiveCfg = Debug|Any CPU
		{0C646585-53DF-438C-A8E5-C626EC0933DC}.Debug|Any CPU.Build.0 = Debug|Any CPU
		{0C646585-53DF-438C-A8E5-C626EC0933DC}.Release|Any CPU.ActiveCfg = Release|Any CPU
		{0C646585-53DF-438C-A8E5-C626EC0933DC}.Release|Any CPU.Build.0 = Release|Any CPU
		{1234CBFE-A95E-4459-95D8-822B32CAC713}.Debug|Any CPU.ActiveCfg = Debug|Any CPU
		{1234CBFE-A95E-4459-95D8-822B32CAC713}.Debug|Any CPU.Build.0 = Debug|Any CPU
		{1234CBFE-A95E-4459-95D8-822B32CAC713}.Release|Any CPU.ActiveCfg = Release|Any CPU
		{1234CBFE-A95E-4459-95D8-822B32CAC713}.Release|Any CPU.Build.0 = Release|Any CPU
	EndGlobalSection
	GlobalSection(SolutionProperties) = preSolution
		HideSolutionNode = FALSE
	EndGlobalSection
	GlobalSection(ExtensibilityGlobals) = postSolution
		SolutionGuid = {3BE5C910-6267-4A36-92EC-9ED9687EE17D}
	EndGlobalSection
EndGlobal
